
Microsoft Visual Studio Solution File, Format Version 12.00
# Visual Studio 15
VisualStudioVersion = 15.0.26730.12
MinimumVisualStudioVersion = 10.0.40219.1
Project("{FAE04EC0-301F-11D3-BF4B-00C04F79EFBC}") = "Ex01_EvenNumbers", "Ex01_EvenNumbers\Ex01_EvenNumbers.csproj", "{A0130334-07B1-49A9-803A-EAE4085E29BF}"
EndProject
Global
	GlobalSection(SolutionConfigurationPlatforms) = preSolution
		Debug|Any CPU = Debug|Any CPU
		Release|Any CPU = Release|Any CPU
	EndGlobalSection
	GlobalSection(ProjectConfigurationPlatforms) = postSolution
		{A0130334-07B1-49A9-803A-EAE4085E29BF}.Debug|Any CPU.ActiveCfg = Debug|Any CPU
		{A0130334-07B1-49A9-803A-EAE4085E29BF}.Debug|Any CPU.Build.0 = Debug|Any CPU
		{A0130334-07B1-49A9-803A-EAE4085E29BF}.Release|Any CPU.ActiveCfg = Release|Any CPU
		{A0130334-07B1-49A9-803A-EAE4085E29BF}.Release|Any CPU.Build.0 = Release|Any CPU
	EndGlobalSection
	GlobalSection(SolutionProperties) = preSolution
		HideSolutionNode = FALSE
	EndGlobalSection
	GlobalSection(ExtensibilityGlobals) = postSolution
		SolutionGuid = {A76F6D0D-9779-465E-A0E6-0DBEB7F02C4C}
	EndGlobalSection
EndGlobal
