
Microsoft Visual Studio Solution File, Format Version 12.00
# Visual Studio 15
VisualStudioVersion = 15.0.26730.12
MinimumVisualStudioVersion = 10.0.40219.1
Project("{FAE04EC0-301F-11D3-BF4B-00C04F79EFBC}") = "ex17_AverageOfInput", "ex17_AverageOfInput\ex17_AverageOfInput.csproj", "{38A16FD1-8994-4736-8C41-33E04230455E}"
EndProject
Global
	GlobalSection(SolutionConfigurationPlatforms) = preSolution
		Debug|Any CPU = Debug|Any CPU
		Release|Any CPU = Release|Any CPU
	EndGlobalSection
	GlobalSection(ProjectConfigurationPlatforms) = postSolution
		{38A16FD1-8994-4736-8C41-33E04230455E}.Debug|Any CPU.ActiveCfg = Debug|Any CPU
		{38A16FD1-8994-4736-8C41-33E04230455E}.Debug|Any CPU.Build.0 = Debug|Any CPU
		{38A16FD1-8994-4736-8C41-33E04230455E}.Release|Any CPU.ActiveCfg = Release|Any CPU
		{38A16FD1-8994-4736-8C41-33E04230455E}.Release|Any CPU.Build.0 = Release|Any CPU
	EndGlobalSection
	GlobalSection(SolutionProperties) = preSolution
		HideSolutionNode = FALSE
	EndGlobalSection
	GlobalSection(ExtensibilityGlobals) = postSolution
		SolutionGuid = {09FF3377-581D-4E63-A776-4A188FF8C453}
	EndGlobalSection
EndGlobal
