
Microsoft Visual Studio Solution File, Format Version 12.00
# Visual Studio 15
VisualStudioVersion = 15.0.26730.12
MinimumVisualStudioVersion = 10.0.40219.1
Project("{FAE04EC0-301F-11D3-BF4B-00C04F79EFBC}") = "BankOfSimba", "BankOfSimba\BankOfSimba.csproj", "{B474CDC4-12E7-41BE-ABB7-61C1B74BDCB5}"
EndProject
Global
	GlobalSection(SolutionConfigurationPlatforms) = preSolution
		Debug|Any CPU = Debug|Any CPU
		Release|Any CPU = Release|Any CPU
	EndGlobalSection
	GlobalSection(ProjectConfigurationPlatforms) = postSolution
		{B474CDC4-12E7-41BE-ABB7-61C1B74BDCB5}.Debug|Any CPU.ActiveCfg = Debug|Any CPU
		{B474CDC4-12E7-41BE-ABB7-61C1B74BDCB5}.Debug|Any CPU.Build.0 = Debug|Any CPU
		{B474CDC4-12E7-41BE-ABB7-61C1B74BDCB5}.Release|Any CPU.ActiveCfg = Release|Any CPU
		{B474CDC4-12E7-41BE-ABB7-61C1B74BDCB5}.Release|Any CPU.Build.0 = Release|Any CPU
	EndGlobalSection
	GlobalSection(SolutionProperties) = preSolution
		HideSolutionNode = FALSE
	EndGlobalSection
	GlobalSection(ExtensibilityGlobals) = postSolution
		SolutionGuid = {17BEE3B0-6ADB-4A65-BCED-BEEBDF9763E6}
	EndGlobalSection
EndGlobal
