
Microsoft Visual Studio Solution File, Format Version 12.00
# Visual Studio 15
VisualStudioVersion = 15.0.26730.12
MinimumVisualStudioVersion = 10.0.40219.1
Project("{FAE04EC0-301F-11D3-BF4B-00C04F79EFBC}") = "Ex02_AverageValue", "Ex02_AverageValue\Ex02_AverageValue.csproj", "{43518EB3-E36D-464A-8D33-2D5906EDFF14}"
EndProject
Global
	GlobalSection(SolutionConfigurationPlatforms) = preSolution
		Debug|Any CPU = Debug|Any CPU
		Release|Any CPU = Release|Any CPU
	EndGlobalSection
	GlobalSection(ProjectConfigurationPlatforms) = postSolution
		{43518EB3-E36D-464A-8D33-2D5906EDFF14}.Debug|Any CPU.ActiveCfg = Debug|Any CPU
		{43518EB3-E36D-464A-8D33-2D5906EDFF14}.Debug|Any CPU.Build.0 = Debug|Any CPU
		{43518EB3-E36D-464A-8D33-2D5906EDFF14}.Release|Any CPU.ActiveCfg = Release|Any CPU
		{43518EB3-E36D-464A-8D33-2D5906EDFF14}.Release|Any CPU.Build.0 = Release|Any CPU
	EndGlobalSection
	GlobalSection(SolutionProperties) = preSolution
		HideSolutionNode = FALSE
	EndGlobalSection
	GlobalSection(ExtensibilityGlobals) = postSolution
		SolutionGuid = {AE75F744-F8DA-4D1F-96E3-1CC1AC5957E1}
	EndGlobalSection
EndGlobal
