
Microsoft Visual Studio Solution File, Format Version 12.00
# Visual Studio 15
VisualStudioVersion = 15.0.26730.12
MinimumVisualStudioVersion = 10.0.40219.1
Project("{FAE04EC0-301F-11D3-BF4B-00C04F79EFBC}") = "ex09_Bmi", "ex09_Bmi\ex09_Bmi.csproj", "{25942668-D9AD-4DC1-9DAC-4F905C030E14}"
EndProject
Global
	GlobalSection(SolutionConfigurationPlatforms) = preSolution
		Debug|Any CPU = Debug|Any CPU
		Release|Any CPU = Release|Any CPU
	EndGlobalSection
	GlobalSection(ProjectConfigurationPlatforms) = postSolution
		{25942668-D9AD-4DC1-9DAC-4F905C030E14}.Debug|Any CPU.ActiveCfg = Debug|Any CPU
		{25942668-D9AD-4DC1-9DAC-4F905C030E14}.Debug|Any CPU.Build.0 = Debug|Any CPU
		{25942668-D9AD-4DC1-9DAC-4F905C030E14}.Release|Any CPU.ActiveCfg = Release|Any CPU
		{25942668-D9AD-4DC1-9DAC-4F905C030E14}.Release|Any CPU.Build.0 = Release|Any CPU
	EndGlobalSection
	GlobalSection(SolutionProperties) = preSolution
		HideSolutionNode = FALSE
	EndGlobalSection
	GlobalSection(ExtensibilityGlobals) = postSolution
		SolutionGuid = {7A83D8A9-8769-4D7F-A4A5-2EC9B6226EDC}
	EndGlobalSection
EndGlobal
