
Microsoft Visual Studio Solution File, Format Version 12.00
# Visual Studio 15
VisualStudioVersion = 15.0.26730.12
MinimumVisualStudioVersion = 10.0.40219.1
Project("{FAE04EC0-301F-11D3-BF4B-00C04F79EFBC}") = "Ex03_Dominoes", "Ex03_Dominoes\Ex03_Dominoes.csproj", "{39CC6B2E-3F64-4BE3-8600-DA75082CE031}"
EndProject
Global
	GlobalSection(SolutionConfigurationPlatforms) = preSolution
		Debug|Any CPU = Debug|Any CPU
		Release|Any CPU = Release|Any CPU
	EndGlobalSection
	GlobalSection(ProjectConfigurationPlatforms) = postSolution
		{39CC6B2E-3F64-4BE3-8600-DA75082CE031}.Debug|Any CPU.ActiveCfg = Debug|Any CPU
		{39CC6B2E-3F64-4BE3-8600-DA75082CE031}.Debug|Any CPU.Build.0 = Debug|Any CPU
		{39CC6B2E-3F64-4BE3-8600-DA75082CE031}.Release|Any CPU.ActiveCfg = Release|Any CPU
		{39CC6B2E-3F64-4BE3-8600-DA75082CE031}.Release|Any CPU.Build.0 = Release|Any CPU
	EndGlobalSection
	GlobalSection(SolutionProperties) = preSolution
		HideSolutionNode = FALSE
	EndGlobalSection
	GlobalSection(ExtensibilityGlobals) = postSolution
		SolutionGuid = {81A46D68-6D9A-480C-8EC3-CACE087E8357}
	EndGlobalSection
EndGlobal
