
Microsoft Visual Studio Solution File, Format Version 12.00
# Visual Studio 15
VisualStudioVersion = 15.0.26730.12
MinimumVisualStudioVersion = 10.0.40219.1
Project("{FAE04EC0-301F-11D3-BF4B-00C04F79EFBC}") = "LagopusSpringExamPractise", "LagopusSpringExamPractise\LagopusSpringExamPractise.csproj", "{8802F169-4942-49D3-8BD4-45EB63EDF010}"
EndProject
Global
	GlobalSection(SolutionConfigurationPlatforms) = preSolution
		Debug|Any CPU = Debug|Any CPU
		Release|Any CPU = Release|Any CPU
	EndGlobalSection
	GlobalSection(ProjectConfigurationPlatforms) = postSolution
		{8802F169-4942-49D3-8BD4-45EB63EDF010}.Debug|Any CPU.ActiveCfg = Debug|Any CPU
		{8802F169-4942-49D3-8BD4-45EB63EDF010}.Debug|Any CPU.Build.0 = Debug|Any CPU
		{8802F169-4942-49D3-8BD4-45EB63EDF010}.Release|Any CPU.ActiveCfg = Release|Any CPU
		{8802F169-4942-49D3-8BD4-45EB63EDF010}.Release|Any CPU.Build.0 = Release|Any CPU
	EndGlobalSection
	GlobalSection(SolutionProperties) = preSolution
		HideSolutionNode = FALSE
	EndGlobalSection
	GlobalSection(ExtensibilityGlobals) = postSolution
		SolutionGuid = {D174CCF8-AA02-4902-85C2-B12A6F689AC2}
	EndGlobalSection
EndGlobal
