
Microsoft Visual Studio Solution File, Format Version 12.00
# Visual Studio 15
VisualStudioVersion = 15.0.26730.12
MinimumVisualStudioVersion = 10.0.40219.1
Project("{FAE04EC0-301F-11D3-BF4B-00C04F79EFBC}") = "Ex08_StringTwo", "Ex08_StringTwo\Ex08_StringTwo.csproj", "{87C43F17-DD56-438C-A914-C40FC7912C28}"
EndProject
Global
	GlobalSection(SolutionConfigurationPlatforms) = preSolution
		Debug|Any CPU = Debug|Any CPU
		Release|Any CPU = Release|Any CPU
	EndGlobalSection
	GlobalSection(ProjectConfigurationPlatforms) = postSolution
		{87C43F17-DD56-438C-A914-C40FC7912C28}.Debug|Any CPU.ActiveCfg = Debug|Any CPU
		{87C43F17-DD56-438C-A914-C40FC7912C28}.Debug|Any CPU.Build.0 = Debug|Any CPU
		{87C43F17-DD56-438C-A914-C40FC7912C28}.Release|Any CPU.ActiveCfg = Release|Any CPU
		{87C43F17-DD56-438C-A914-C40FC7912C28}.Release|Any CPU.Build.0 = Release|Any CPU
	EndGlobalSection
	GlobalSection(SolutionProperties) = preSolution
		HideSolutionNode = FALSE
	EndGlobalSection
	GlobalSection(ExtensibilityGlobals) = postSolution
		SolutionGuid = {E28A5D6A-8ECF-46AF-996E-25A487198EEA}
	EndGlobalSection
EndGlobal
