
Microsoft Visual Studio Solution File, Format Version 12.00
# Visual Studio 15
VisualStudioVersion = 15.0.26730.12
MinimumVisualStudioVersion = 10.0.40219.1
Project("{FAE04EC0-301F-11D3-BF4B-00C04F79EFBC}") = "ex19_OneTwoALot", "ex19_OneTwoALot\ex19_OneTwoALot.csproj", "{90FE77E0-4874-46B7-860B-C21E1D043821}"
EndProject
Global
	GlobalSection(SolutionConfigurationPlatforms) = preSolution
		Debug|Any CPU = Debug|Any CPU
		Release|Any CPU = Release|Any CPU
	EndGlobalSection
	GlobalSection(ProjectConfigurationPlatforms) = postSolution
		{90FE77E0-4874-46B7-860B-C21E1D043821}.Debug|Any CPU.ActiveCfg = Debug|Any CPU
		{90FE77E0-4874-46B7-860B-C21E1D043821}.Debug|Any CPU.Build.0 = Debug|Any CPU
		{90FE77E0-4874-46B7-860B-C21E1D043821}.Release|Any CPU.ActiveCfg = Release|Any CPU
		{90FE77E0-4874-46B7-860B-C21E1D043821}.Release|Any CPU.Build.0 = Release|Any CPU
	EndGlobalSection
	GlobalSection(SolutionProperties) = preSolution
		HideSolutionNode = FALSE
	EndGlobalSection
	GlobalSection(ExtensibilityGlobals) = postSolution
		SolutionGuid = {A24ED8D2-F597-4410-B2D1-FEA72DB88AD2}
	EndGlobalSection
EndGlobal
