
Microsoft Visual Studio Solution File, Format Version 12.00
# Visual Studio 15
VisualStudioVersion = 15.0.26730.12
MinimumVisualStudioVersion = 10.0.40219.1
Project("{FAE04EC0-301F-11D3-BF4B-00C04F79EFBC}") = "Ex02_Bubble", "Ex02_Bubble\Ex02_Bubble.csproj", "{A0BEBC53-F95F-4611-92DA-34BB00361E4A}"
EndProject
Global
	GlobalSection(SolutionConfigurationPlatforms) = preSolution
		Debug|Any CPU = Debug|Any CPU
		Release|Any CPU = Release|Any CPU
	EndGlobalSection
	GlobalSection(ProjectConfigurationPlatforms) = postSolution
		{A0BEBC53-F95F-4611-92DA-34BB00361E4A}.Debug|Any CPU.ActiveCfg = Debug|Any CPU
		{A0BEBC53-F95F-4611-92DA-34BB00361E4A}.Debug|Any CPU.Build.0 = Debug|Any CPU
		{A0BEBC53-F95F-4611-92DA-34BB00361E4A}.Release|Any CPU.ActiveCfg = Release|Any CPU
		{A0BEBC53-F95F-4611-92DA-34BB00361E4A}.Release|Any CPU.Build.0 = Release|Any CPU
	EndGlobalSection
	GlobalSection(SolutionProperties) = preSolution
		HideSolutionNode = FALSE
	EndGlobalSection
	GlobalSection(ExtensibilityGlobals) = postSolution
		SolutionGuid = {7C591C22-7EDF-499D-BE11-80377DFF8DBC}
	EndGlobalSection
EndGlobal
