
Microsoft Visual Studio Solution File, Format Version 12.00
# Visual Studio 15
VisualStudioVersion = 15.0.26730.12
MinimumVisualStudioVersion = 10.0.40219.1
Project("{FAE04EC0-301F-11D3-BF4B-00C04F79EFBC}") = "Ex05_WriteMultipleLines", "Ex05_WriteMultipleLines\Ex05_WriteMultipleLines.csproj", "{43AA376A-968F-430C-974B-3B1571F48AE5}"
EndProject
Global
	GlobalSection(SolutionConfigurationPlatforms) = preSolution
		Debug|Any CPU = Debug|Any CPU
		Release|Any CPU = Release|Any CPU
	EndGlobalSection
	GlobalSection(ProjectConfigurationPlatforms) = postSolution
		{43AA376A-968F-430C-974B-3B1571F48AE5}.Debug|Any CPU.ActiveCfg = Debug|Any CPU
		{43AA376A-968F-430C-974B-3B1571F48AE5}.Debug|Any CPU.Build.0 = Debug|Any CPU
		{43AA376A-968F-430C-974B-3B1571F48AE5}.Release|Any CPU.ActiveCfg = Release|Any CPU
		{43AA376A-968F-430C-974B-3B1571F48AE5}.Release|Any CPU.Build.0 = Release|Any CPU
	EndGlobalSection
	GlobalSection(SolutionProperties) = preSolution
		HideSolutionNode = FALSE
	EndGlobalSection
	GlobalSection(ExtensibilityGlobals) = postSolution
		SolutionGuid = {0EE22901-1EFD-4984-BBA2-47E10C81BE75}
	EndGlobalSection
EndGlobal
