
Microsoft Visual Studio Solution File, Format Version 12.00
# Visual Studio 15
VisualStudioVersion = 15.0.26730.12
MinimumVisualStudioVersion = 10.0.40219.1
Project("{FAE04EC0-301F-11D3-BF4B-00C04F79EFBC}") = "Ex08_UpperCase", "Ex08_UpperCase\Ex08_UpperCase.csproj", "{D4660A99-AC71-4D24-896B-0A8A17CA5D24}"
EndProject
Global
	GlobalSection(SolutionConfigurationPlatforms) = preSolution
		Debug|Any CPU = Debug|Any CPU
		Release|Any CPU = Release|Any CPU
	EndGlobalSection
	GlobalSection(ProjectConfigurationPlatforms) = postSolution
		{D4660A99-AC71-4D24-896B-0A8A17CA5D24}.Debug|Any CPU.ActiveCfg = Debug|Any CPU
		{D4660A99-AC71-4D24-896B-0A8A17CA5D24}.Debug|Any CPU.Build.0 = Debug|Any CPU
		{D4660A99-AC71-4D24-896B-0A8A17CA5D24}.Release|Any CPU.ActiveCfg = Release|Any CPU
		{D4660A99-AC71-4D24-896B-0A8A17CA5D24}.Release|Any CPU.Build.0 = Release|Any CPU
	EndGlobalSection
	GlobalSection(SolutionProperties) = preSolution
		HideSolutionNode = FALSE
	EndGlobalSection
	GlobalSection(ExtensibilityGlobals) = postSolution
		SolutionGuid = {3D367A68-E0A8-4F91-95F5-B9D58D23C934}
	EndGlobalSection
EndGlobal
