
Microsoft Visual Studio Solution File, Format Version 12.00
# Visual Studio 15
VisualStudioVersion = 15.0.26730.12
MinimumVisualStudioVersion = 10.0.40219.1
Project("{FAE04EC0-301F-11D3-BF4B-00C04F79EFBC}") = "Array_ChangeElements", "Array_ChangeElements\Array_ChangeElements.csproj", "{3905ED69-88D8-44D0-AF61-500921355BB5}"
EndProject
Global
	GlobalSection(SolutionConfigurationPlatforms) = preSolution
		Debug|Any CPU = Debug|Any CPU
		Release|Any CPU = Release|Any CPU
	EndGlobalSection
	GlobalSection(ProjectConfigurationPlatforms) = postSolution
		{3905ED69-88D8-44D0-AF61-500921355BB5}.Debug|Any CPU.ActiveCfg = Debug|Any CPU
		{3905ED69-88D8-44D0-AF61-500921355BB5}.Debug|Any CPU.Build.0 = Debug|Any CPU
		{3905ED69-88D8-44D0-AF61-500921355BB5}.Release|Any CPU.ActiveCfg = Release|Any CPU
		{3905ED69-88D8-44D0-AF61-500921355BB5}.Release|Any CPU.Build.0 = Release|Any CPU
	EndGlobalSection
	GlobalSection(SolutionProperties) = preSolution
		HideSolutionNode = FALSE
	EndGlobalSection
	GlobalSection(ExtensibilityGlobals) = postSolution
		SolutionGuid = {E0648EC0-9F80-4240-8F31-F20F0DEE8199}
	EndGlobalSection
EndGlobal
