
Microsoft Visual Studio Solution File, Format Version 12.00
# Visual Studio 15
VisualStudioVersion = 15.0.26730.12
MinimumVisualStudioVersion = 10.0.40219.1
Project("{FAE04EC0-301F-11D3-BF4B-00C04F79EFBC}") = "Array_PrintAll", "Array_PrintAll\Array_PrintAll.csproj", "{E8FFAA5B-B821-4CED-ADBC-205866ED271B}"
EndProject
Global
	GlobalSection(SolutionConfigurationPlatforms) = preSolution
		Debug|Any CPU = Debug|Any CPU
		Release|Any CPU = Release|Any CPU
	EndGlobalSection
	GlobalSection(ProjectConfigurationPlatforms) = postSolution
		{E8FFAA5B-B821-4CED-ADBC-205866ED271B}.Debug|Any CPU.ActiveCfg = Debug|Any CPU
		{E8FFAA5B-B821-4CED-ADBC-205866ED271B}.Debug|Any CPU.Build.0 = Debug|Any CPU
		{E8FFAA5B-B821-4CED-ADBC-205866ED271B}.Release|Any CPU.ActiveCfg = Release|Any CPU
		{E8FFAA5B-B821-4CED-ADBC-205866ED271B}.Release|Any CPU.Build.0 = Release|Any CPU
	EndGlobalSection
	GlobalSection(SolutionProperties) = preSolution
		HideSolutionNode = FALSE
	EndGlobalSection
	GlobalSection(ExtensibilityGlobals) = postSolution
		SolutionGuid = {4234516A-ED1F-4B78-BA03-4CE150D3C0BD}
	EndGlobalSection
EndGlobal
