
Microsoft Visual Studio Solution File, Format Version 12.00
# Visual Studio 15
VisualStudioVersion = 15.0.26730.12
MinimumVisualStudioVersion = 10.0.40219.1
Project("{FAE04EC0-301F-11D3-BF4B-00C04F79EFBC}") = "Ex07_Cities", "Ex07_Cities\Ex07_Cities.csproj", "{60867FC1-29D9-4135-B72F-914F79F79A74}"
EndProject
Global
	GlobalSection(SolutionConfigurationPlatforms) = preSolution
		Debug|Any CPU = Debug|Any CPU
		Release|Any CPU = Release|Any CPU
	EndGlobalSection
	GlobalSection(ProjectConfigurationPlatforms) = postSolution
		{60867FC1-29D9-4135-B72F-914F79F79A74}.Debug|Any CPU.ActiveCfg = Debug|Any CPU
		{60867FC1-29D9-4135-B72F-914F79F79A74}.Debug|Any CPU.Build.0 = Debug|Any CPU
		{60867FC1-29D9-4135-B72F-914F79F79A74}.Release|Any CPU.ActiveCfg = Release|Any CPU
		{60867FC1-29D9-4135-B72F-914F79F79A74}.Release|Any CPU.Build.0 = Release|Any CPU
	EndGlobalSection
	GlobalSection(SolutionProperties) = preSolution
		HideSolutionNode = FALSE
	EndGlobalSection
	GlobalSection(ExtensibilityGlobals) = postSolution
		SolutionGuid = {C8C4EEA2-200A-49DF-B005-26B706630358}
	EndGlobalSection
EndGlobal
