
Microsoft Visual Studio Solution File, Format Version 12.00
# Visual Studio 15
VisualStudioVersion = 15.0.26730.12
MinimumVisualStudioVersion = 10.0.40219.1
Project("{FAE04EC0-301F-11D3-BF4B-00C04F79EFBC}") = "ex12_Cuboid", "ex12_Cuboid\ex12_Cuboid.csproj", "{425ADD8C-72C8-4E09-A00C-41D87E65E7CF}"
EndProject
Global
	GlobalSection(SolutionConfigurationPlatforms) = preSolution
		Debug|Any CPU = Debug|Any CPU
		Release|Any CPU = Release|Any CPU
	EndGlobalSection
	GlobalSection(ProjectConfigurationPlatforms) = postSolution
		{425ADD8C-72C8-4E09-A00C-41D87E65E7CF}.Debug|Any CPU.ActiveCfg = Debug|Any CPU
		{425ADD8C-72C8-4E09-A00C-41D87E65E7CF}.Debug|Any CPU.Build.0 = Debug|Any CPU
		{425ADD8C-72C8-4E09-A00C-41D87E65E7CF}.Release|Any CPU.ActiveCfg = Release|Any CPU
		{425ADD8C-72C8-4E09-A00C-41D87E65E7CF}.Release|Any CPU.Build.0 = Release|Any CPU
	EndGlobalSection
	GlobalSection(SolutionProperties) = preSolution
		HideSolutionNode = FALSE
	EndGlobalSection
	GlobalSection(ExtensibilityGlobals) = postSolution
		SolutionGuid = {44BB4F38-3EBD-45FD-B023-3194EB5B902B}
	EndGlobalSection
EndGlobal
