
Microsoft Visual Studio Solution File, Format Version 12.00
# Visual Studio 15
VisualStudioVersion = 15.0.26730.12
MinimumVisualStudioVersion = 10.0.40219.1
Project("{FAE04EC0-301F-11D3-BF4B-00C04F79EFBC}") = "ex16_AnimalsAndLegs", "ex16_AnimalsAndLegs\ex16_AnimalsAndLegs.csproj", "{880FC6DB-10A9-4E1F-B829-5480216A213C}"
EndProject
Global
	GlobalSection(SolutionConfigurationPlatforms) = preSolution
		Debug|Any CPU = Debug|Any CPU
		Release|Any CPU = Release|Any CPU
	EndGlobalSection
	GlobalSection(ProjectConfigurationPlatforms) = postSolution
		{880FC6DB-10A9-4E1F-B829-5480216A213C}.Debug|Any CPU.ActiveCfg = Debug|Any CPU
		{880FC6DB-10A9-4E1F-B829-5480216A213C}.Debug|Any CPU.Build.0 = Debug|Any CPU
		{880FC6DB-10A9-4E1F-B829-5480216A213C}.Release|Any CPU.ActiveCfg = Release|Any CPU
		{880FC6DB-10A9-4E1F-B829-5480216A213C}.Release|Any CPU.Build.0 = Release|Any CPU
	EndGlobalSection
	GlobalSection(SolutionProperties) = preSolution
		HideSolutionNode = FALSE
	EndGlobalSection
	GlobalSection(ExtensibilityGlobals) = postSolution
		SolutionGuid = {98423547-1496-436F-BE84-AC3F866D5AF9}
	EndGlobalSection
EndGlobal
