
Microsoft Visual Studio Solution File, Format Version 12.00
# Visual Studio 15
VisualStudioVersion = 15.0.26730.12
MinimumVisualStudioVersion = 10.0.40219.1
Project("{FAE04EC0-301F-11D3-BF4B-00C04F79EFBC}") = "ex01_HellloMe", "ex01_HellloMe\ex01_HellloMe.csproj", "{10E8922F-33E5-4640-A147-EBD95E7D7B37}"
EndProject
Global
	GlobalSection(SolutionConfigurationPlatforms) = preSolution
		Debug|Any CPU = Debug|Any CPU
		Release|Any CPU = Release|Any CPU
	EndGlobalSection
	GlobalSection(ProjectConfigurationPlatforms) = postSolution
		{10E8922F-33E5-4640-A147-EBD95E7D7B37}.Debug|Any CPU.ActiveCfg = Debug|Any CPU
		{10E8922F-33E5-4640-A147-EBD95E7D7B37}.Debug|Any CPU.Build.0 = Debug|Any CPU
		{10E8922F-33E5-4640-A147-EBD95E7D7B37}.Release|Any CPU.ActiveCfg = Release|Any CPU
		{10E8922F-33E5-4640-A147-EBD95E7D7B37}.Release|Any CPU.Build.0 = Release|Any CPU
	EndGlobalSection
	GlobalSection(SolutionProperties) = preSolution
		HideSolutionNode = FALSE
	EndGlobalSection
	GlobalSection(ExtensibilityGlobals) = postSolution
		SolutionGuid = {4417CFF5-B6FE-417C-8A7D-D0C1F84420BA}
	EndGlobalSection
EndGlobal
