
Microsoft Visual Studio Solution File, Format Version 12.00
# Visual Studio 15
VisualStudioVersion = 15.0.26730.12
MinimumVisualStudioVersion = 10.0.40219.1
Project("{FAE04EC0-301F-11D3-BF4B-00C04F79EFBC}") = "Ex07_FourRectangles", "Ex07_FourRectangles\Ex07_FourRectangles.csproj", "{16C203A0-10CD-47CC-A359-192F87000802}"
EndProject
Global
	GlobalSection(SolutionConfigurationPlatforms) = preSolution
		Debug|Any CPU = Debug|Any CPU
		Release|Any CPU = Release|Any CPU
	EndGlobalSection
	GlobalSection(ProjectConfigurationPlatforms) = postSolution
		{16C203A0-10CD-47CC-A359-192F87000802}.Debug|Any CPU.ActiveCfg = Debug|Any CPU
		{16C203A0-10CD-47CC-A359-192F87000802}.Debug|Any CPU.Build.0 = Debug|Any CPU
		{16C203A0-10CD-47CC-A359-192F87000802}.Release|Any CPU.ActiveCfg = Release|Any CPU
		{16C203A0-10CD-47CC-A359-192F87000802}.Release|Any CPU.Build.0 = Release|Any CPU
	EndGlobalSection
	GlobalSection(SolutionProperties) = preSolution
		HideSolutionNode = FALSE
	EndGlobalSection
	GlobalSection(ExtensibilityGlobals) = postSolution
		SolutionGuid = {0C9768BC-7776-43DB-8CDD-DF2D81B19BB0}
	EndGlobalSection
EndGlobal
