
Microsoft Visual Studio Solution File, Format Version 12.00
# Visual Studio 15
VisualStudioVersion = 15.0.26730.12
MinimumVisualStudioVersion = 10.0.40219.1
Project("{FAE04EC0-301F-11D3-BF4B-00C04F79EFBC}") = "Ex13_CheckerBoard", "Ex13_CheckerBoard\Ex13_CheckerBoard.csproj", "{ADF3D303-0AEB-402F-80EB-32C2A1BEFB03}"
EndProject
Global
	GlobalSection(SolutionConfigurationPlatforms) = preSolution
		Debug|Any CPU = Debug|Any CPU
		Release|Any CPU = Release|Any CPU
	EndGlobalSection
	GlobalSection(ProjectConfigurationPlatforms) = postSolution
		{ADF3D303-0AEB-402F-80EB-32C2A1BEFB03}.Debug|Any CPU.ActiveCfg = Debug|Any CPU
		{ADF3D303-0AEB-402F-80EB-32C2A1BEFB03}.Debug|Any CPU.Build.0 = Debug|Any CPU
		{ADF3D303-0AEB-402F-80EB-32C2A1BEFB03}.Release|Any CPU.ActiveCfg = Release|Any CPU
		{ADF3D303-0AEB-402F-80EB-32C2A1BEFB03}.Release|Any CPU.Build.0 = Release|Any CPU
	EndGlobalSection
	GlobalSection(SolutionProperties) = preSolution
		HideSolutionNode = FALSE
	EndGlobalSection
	GlobalSection(ExtensibilityGlobals) = postSolution
		SolutionGuid = {46A6DE53-436F-4206-823C-CB1F1E9F693B}
	EndGlobalSection
EndGlobal
