
Microsoft Visual Studio Solution File, Format Version 12.00
# Visual Studio 15
VisualStudioVersion = 15.0.26730.12
MinimumVisualStudioVersion = 10.0.40219.1
Project("{FAE04EC0-301F-11D3-BF4B-00C04F79EFBC}") = "ex22_ConditionalVariableMutation", "ex22_ConditionalVariableMutation\ex22_ConditionalVariableMutation.csproj", "{F6A6694D-D402-458E-BAA4-0206E4A11E34}"
EndProject
Global
	GlobalSection(SolutionConfigurationPlatforms) = preSolution
		Debug|Any CPU = Debug|Any CPU
		Release|Any CPU = Release|Any CPU
	EndGlobalSection
	GlobalSection(ProjectConfigurationPlatforms) = postSolution
		{F6A6694D-D402-458E-BAA4-0206E4A11E34}.Debug|Any CPU.ActiveCfg = Debug|Any CPU
		{F6A6694D-D402-458E-BAA4-0206E4A11E34}.Debug|Any CPU.Build.0 = Debug|Any CPU
		{F6A6694D-D402-458E-BAA4-0206E4A11E34}.Release|Any CPU.ActiveCfg = Release|Any CPU
		{F6A6694D-D402-458E-BAA4-0206E4A11E34}.Release|Any CPU.Build.0 = Release|Any CPU
	EndGlobalSection
	GlobalSection(SolutionProperties) = preSolution
		HideSolutionNode = FALSE
	EndGlobalSection
	GlobalSection(ExtensibilityGlobals) = postSolution
		SolutionGuid = {9F74EE34-0CA3-4284-B2B7-C4465A34B16D}
	EndGlobalSection
EndGlobal
